github.com/benbjohnson/clock v1.1.0/go.mod h1:J11/hYXuz8f4ySSvYwY0FKfm+ezbsZBKZxNJlLklBHA=
github.com/benbjohnson/clock v1.3.0/go.mod h1:J11/hYXuz8f4ySSvYwY0FKfm+ezbsZBKZxNJlLklBHA=
github.com/bhbosman/goCommonMarketData v0.0.0-20250308192059-0d9dd67dc2fb h1:xelVnxMwIuNw9wpPRAsDZQq87mKe3pbFAxQ1xKjh9RU=
github.com/bhbosman/goCommonMarketData v0.0.0-20250308192059-0d9dd67dc2fb/go.mod h1:gEPvOv7hy/2yAJCRHNGNHFy2RYiPkwFHPMtTR5kbiKM=
github.com/bhbosman/goCommonMarketData v0.0.0-20250308201059-06af23865f1c h1:Lsj7i36aX4ZU7BoInYqNQY8BRzTw3EZh7/fcuHngHkI=
github.com/bhbosman/goCommonMarketData v0.0.0-20250308201059-06af23865f1c/go.mod h1:c6sc++UOFFKzKeBaI9N1n5fUqXaflyiLyCJy+v6x57Y=
github.com/bhbosman/goCommonMarketData v0.0.0-20250308204731-f854c9af5da2 h1:i5htRQP2PZ2vhpuBPFYqy0Y0nLcU+xvr9WL2kau+8Ck=
github.com/bhbosman/goCommonMarketData v0.0.0-20250308204731-f854c9af5da2/go.mod h1:c6sc++UOFFKzKeBaI9N1n5fUqXaflyiLyCJy+v6x57Y=
github.com/bhbosman/goCommsDefinitions v0.0.0-20230308211643-24fe88b2378e/go.mod h1:tkd0ohtBBlomjgZrSj1K7YHT6zb0td0X6v6Tv/kn/wA=
github.com/bhbosman/goCommsDefinitions v0.0.0-20250308144130-64993b60920c h1:lnaiiRm42D7qM/XktkHCY14XaNgWIbqJvgJ3cKOhSwQ=
github.com/bhbosman/goCommsDefinitions v0.0.0-20250308144130-64993b60920c/go.mod h1:Jm/611+Q3lrCFITwkMyE+06Tk6T9z6Qdvl+MvPKzt+0=
github.com/bhbosman/goCommsMultiDialer v0.0.0-20250308162156-9033e2a7cbfa h1:bvF4wXUyyTbBsEkIBeNZl+1XMgtdaYvB8si8S1PpDws=
github.com/bhbosman/goCommsMultiDialer v0.0.0-20250308162156-9033e2a7cbfa/go.mod h1:EwOshGj9j2rg7ezQY/k3K8jEPGTAhU3iPNfCEbuFJYw=
github.com/bhbosman/goCommsMultiDialer v0.0.0-20250308195841-f6ef1e718071 h1:MvtZaSNHPbiOJ+BMuNqk17oT4VFwqK7r5eXcZnd1OAQ=
github.com/bhbosman/goCommsMultiDialer v0.0.0-20250308195841-f6ef1e718071/go.mod h1:jrGs+g7oAhvpCqkorweQCySzpBgSSp5+arFjgVEffxM=
github.com/bhbosman/goCommsNetDialer v0.0.0-20250308162151-924d8e82e3d4 h1:bJm21tJWL1w80ZNmf8Vnv/tVwQwYC9a1N2UTxxceF0w=
github.com/bhbosman/goCommsNetDialer v0.0.0-20250308162151-924d8e82e3d4/go.mod h1:2wxH8QHsjkAvJqEWAxb/HjY7HIiNDnWO/ZjPnk8if54=
github.com/bhbosman/goCommsNetDialer v0.0.0-20250308194845-d79c1c88c66f h1:HzMFcIZepIDhaq79U1jftGCZCO3AdgWAjyP/uLcRKdY=
github.com/bhbosman/goCommsNetDialer v0.0.0-20250308194845-d79c1c88c66f/go.mod h1:nyjtetPFi/qsd7I6Wowhl6iFmeE0cUNTOKr7BSm65b0=
github.com/bhbosman/goCommsNetDialer v0.0.0-20250308195836-9b78095f3e77 h1:rft5CmUxBkuvnn6aW9IAGtk/4ETb5bEqAVdu5YopkNM=
github.com/bhbosman/goCommsNetDialer v0.0.0-20250308195836-9b78095f3e77/go.mod h1:DeRnL4160G5AEtvmCufC1j3Nvz6xYvkUMsOt6ET6pjg=
github.com/bhbosman/goCommsNetListener v0.0.0-20250308162159-3110c7d726b2 h1:oho1at5wy6zJb+aIRN08BDVWI6Bo8jc+n63XhhFJW+s=
github.com/bhbosman/goCommsNetListener v0.0.0-20250308162159-3110c7d726b2/go.mod h1:QZeX1IK0U9CLSfuXr+ZuJo8NC4EkbrNPxMtIMK7anCg=
github.com/bhbosman/goCommsNetListener v0.0.0-20250308195846-03f74299dec9 h1:2DGdKXvje+OSbQtsU4qzKnxeEDzf/zJAoV9TK6Tk2oM=
github.com/bhbosman/goCommsNetListener v0.0.0-20250308195846-03f74299dec9/go.mod h1:dG5F0CTq+MLKXx5alLZYEn4jCBip4pyt1CNQy7YTJ4g=
github.com/bhbosman/goCommsStacks v0.0.0-20250308162142-6d1805d62606 h1:wXSGTPCygrev4XBYrvZYGcGvwjRt7it0/ZnXwLao/ik=
github.com/bhbosman/goCommsStacks v0.0.0-20250308162142-6d1805d62606/go.mod h1:OY2eazXn5BD1A7S9hVig6kgO3xw0tkCueldtFR0Olsw=
github.com/bhbosman/goCommsStacks v0.0.0-20250308192125-9f32e0135afc h1:SKzKXChA30gRHI7sCyrkHAOSI/qvS3xyg/9ZAiuMVlc=
github.com/bhbosman/goCommsStacks v0.0.0-20250308192125-9f32e0135afc/go.mod h1:+vbtY/8fKahEfPk2OoWHNrR+8/HNpvJGZi3qw1oCWFE=
github.com/bhbosman/goCommsStacks v0.0.0-20250308195825-d8c70d3767da h1:eCof1/OhLEV+AfRJqCjaP+qtoYz0Nr5+NVR3Y8a5eLM=
github.com/bhbosman/goCommsStacks v0.0.0-20250308195825-d8c70d3767da/go.mod h1:eSBQEK4tUvLKbL1EsBwGNIb6WLGHN/hjnlZ5zy9LaRU=
github.com/bhbosman/goCommsStacks v0.0.0-20250308201116-a068081be5b7 h1:yIf1UnLu3hzuBtbK4EIWqQOujANtNK4vRSaqciVm/tU=
github.com/bhbosman/goCommsStacks v0.0.0-20250308201116-a068081be5b7/go.mod h1:Ij87jipa7cPW+oVTmoLX9Hd79GwI0PxTfULvdX83v60=
github.com/bhbosman/goConnectionManager v0.0.0-20250308162041-c3d88e4a7878 h1:Avn18zjUDlgnDKpAkhcS/LwAazlfaZCSbK/Ms8Ks+A8=
github.com/bhbosman/goConnectionManager v0.0.0-20250308162041-c3d88e4a7878/go.mod h1:rTgsXwIqcz2lmeksaTaDhkY692AJTrfZ+2/1h5o+N84=
github.com/bhbosman/goConnectionManager v0.0.0-20250308194756-b3c21d488492 h1:DPlP+NR2dn33vRUpT1fyoLBMp3s73qBfrc7gijFR6zs=
github.com/bhbosman/goConnectionManager v0.0.0-20250308194756-b3c21d488492/go.mod h1:iFbggy9oqgzG5lBZ+P8/rVflhcPHn0GaAi3yCunMyvg=
github.com/bhbosman/goConnectionManager v0.0.0-20250308201033-1df6054ada09 h1:N+6F2Xw4/tSHSDhWDA2Csbmq0TF2u2fVU0E52Q7UaU0=
github.com/bhbosman/goConnectionManager v0.0.0-20250308201033-1df6054ada09/go.mod h1:INP4El5vgMDdRSazlBO+i0eta49rK0ushLNtwTzSCD0=
github.com/bhbosman/goFxApp v0.0.0-20250308162224-38e18cab1c9b h1:Xvd0XFUtQs6fXn296MlfJJZtQVP7O4p9mvafXZLbfyk=
github.com/bhbosman/goFxApp v0.0.0-20250308162224-38e18cab1c9b/go.mod h1:gpDhQnaG3GjBLTFu0j02DRX3LJPLsWobyNwI1vXb0Vc=
github.com/bhbosman/goFxApp v0.0.0-20250308195902-4400a1bd1849 h1:qsFAc19RnXhidONK3ofkVkxjmW/R6CbwEV/m7b7TwgA=
github.com/bhbosman/goFxApp v0.0.0-20250308195902-4400a1bd1849/go.mod h1:8PPYXL73Vs5Vlwyi4JoC8++1audlN3F1YiiNW8USgGk=
github.com/bhbosman/goFxAppManager v0.0.0-20250308162229-1292fdd07fc0 h1:RuIV4MxWan4GrcL78wISrr1ZfgbTpFkmtBNLCkYolbQ=
github.com/bhbosman/goFxAppManager v0.0.0-20250308162229-1292fdd07fc0/go.mod h1:S7X5ohnYvimXkHR3pbCeqoS2BH0lbL9hNjNW/hdz8qg=
github.com/bhbosman/goFxAppManager v0.0.0-20250308192215-e35e337e2f4e h1:ujOQ7T01LCruMlkmNOKvChxjTH2APeazx64/BMNn/AA=
github.com/bhbosman/goFxAppManager v0.0.0-20250308192215-e35e337e2f4e/go.mod h1:AQYfa/uPA0OfPteZRx5p7NRkgIEhJ6ukg3PIEnBvEFs=
github.com/bhbosman/goFxAppManager v0.0.0-20250308195907-f3af604d443a h1:CamRlJFJCCjxO3ZZA2TwoAwW835tPwBnvQgbIDay5E0=
github.com/bhbosman/goFxAppManager v0.0.0-20250308195907-f3af604d443a/go.mod h1:yJO6JVS7gDskW1DWSdpUOL8GIkRXsbsuJ2EVoa1FI5k=
github.com/bhbosman/goMessages v0.0.0-20250308162234-471970cb97be h1:oti4DAnZw4pkG9GZoUkCfPf2EM/VH5Otc+YGWO3+pTk=
github.com/bhbosman/goMessages v0.0.0-20250308162234-471970cb97be/go.mod h1:fSP2KuTwiAD1N3WM/hVVVhVXgeNkPDjSl29QAR5hyHM=
github.com/bhbosman/goMessages v0.0.0-20250308195913-e5a0f4425dd4 h1:3txFoBwkO+rR7jfnP4iOufexBI2IIySs4XyO7AbNfQ0=
github.com/bhbosman/goMessages v0.0.0-20250308195913-e5a0f4425dd4/go.mod h1:ECFbW2YswBpaWYGZtl+D7iBUlY/03Y/eFpS4k+4bLnQ=
github.com/bhbosman/goUi v0.0.0-20250308162123-529b89b32854 h1:lNt1+Ut6mSvGSi7Skhqq/YrCF/585CNQYURaTSjNcfU=
github.com/bhbosman/goUi v0.0.0-20250308162123-529b89b32854/go.mod h1:qktfyS0nt1q5nOQMb/9/2KwHPXWWNXu9M1YNzmGYUfg=
github.com/bhbosman/goUi v0.0.0-20250308192106-f0dba2b1ada7 h1:TjaFwfhgJrIlkULWH71Aj+J9LKE34Z2rgJpeEY6YHTQ=
github.com/bhbosman/goUi v0.0.0-20250308192106-f0dba2b1ada7/go.mod h1:4npkyOdvPaIf3JZHD1C8VntmWlUXRh6sMgAu+l8uUyU=
github.com/bhbosman/goUi v0.0.0-20250308194827-3465482d7c6b h1:KKdeMYlRS0d9agTti3R066pPJgMIyRiLjyNzEmDO35A=
github.com/bhbosman/goUi v0.0.0-20250308194827-3465482d7c6b/go.mod h1:fahvqvNfQKJKbhKjy+m8igIGeadfyCT2JlR44+d/RN4=
github.com/bhbosman/goUi v0.0.0-20250308200805-7b64bf0ddd19 h1:0fWValFXPNbCHcLn6o7T0hRqGSKf3LHFYhaCSZppaWs=
github.com/bhbosman/goUi v0.0.0-20250308200805-7b64bf0ddd19/go.mod h1:4IniVEpuI/SfKJpx1aIKGL60iPB4u3GXuqv8OKgD5Qg=
github.com/bhbosman/gocommon v0.0.0-20250308155359-4baa9bec452e h1:92bvDBFSfI/1z0wJf1xgNFwRTAtQ/uPzU6SBtCwDsmo=
github.com/bhbosman/gocommon v0.0.0-20250308155359-4baa9bec452e/go.mod h1:MgvoWc5dg34pZhFPxwkiw8QBQjYRG8Vg8SQ87+pmYXo=
github.com/bhbosman/gocommon v0.0.0-20250308194442-9c45d7859806 h1:UY4tohCOOiGouZ1C3MR98IwG0vNHHbSLdHbKY7fo5TA=
github.com/bhbosman/gocommon v0.0.0-20250308194442-9c45d7859806/go.mod h1:5j0NXbFNZkcrjThbwXWAHy/i2Zuyhke+mzsoLAuBrJs=
github.com/bhbosman/gocomms v0.0.0-20250308162131-934dbda8372b h1:owNt0vfsZi+xnT0rvmh2V2+HdXwnnms5UcRZbVvm32g=
github.com/bhbosman/gocomms v0.0.0-20250308162131-934dbda8372b/go.mod h1:i+J1L5S+TMb5gRSU69C6OmyZm8WIg02BAco6rvSQ6dY=
github.com/bhbosman/gocomms v0.0.0-20250308192115-8af5b0178806 h1:HcTk5wsJ1EMjQnTGeyUHdkVYmGoAkRSAgfWsPVL69wI=
github.com/bhbosman/gocomms v0.0.0-20250308192115-8af5b0178806/go.mod h1:xpzaapWoqjHdxOswGyQbMNV/7G4GIMuBuHbmvPLf0qI=
github.com/bhbosman/gocomms v0.0.0-20250308201104-6179c9241408 h1:mz7EBYDHiserTpni223QghbMv6ZoB18HLZXA/ZQthwk=
github.com/bhbosman/gocomms v0.0.0-20250308201104-6179c9241408/go.mod h1:8pSgX+f5NhYUC3BTCoOlzn7dubBirqv/x/ZCF+eOHM0=
github.com/bhbosman/goerrors v0.0.0-20250307194237-312d070c8e38 h1:3jX77BrDYvQ4xiAQkat+N47OZoKECB9t27fQQfpqGRk=
github.com/bhbosman/goerrors v0.0.0-20250307194237-312d070c8e38/go.mod h1:2aeMPIIYjD7+5AmN1yaV/oAqCaExRDcl7SN+/zFLpew=
github.com/bhbosman/gomessageblock v0.0.0-20250308073733-0b3daca12e3a h1:HfPrjUycV04h5KYcdKhce7pfW7rFBkuNcJWCac7sTpU=
github.com/bhbosman/gomessageblock v0.0.0-20250308073733-0b3daca12e3a/go.mod h1:YNOfB3erjSecYIlka9YF1oaSj6hytrcffOCu6iOBVUQ=
github.com/bhbosman/gomock v1.6.1-0.20250308071159-4cf72f668c72 h1:r5CkchfDmndKsk4ujkGVUX7WcZcJVVbhGyiT7Tt3zO0=
github.com/bhbosman/gomock v1.6.1-0.20250308071159-4cf72f668c72/go.mod h1:QvQoHRNh6hbY5chl6UwMoWO7rhBOWN1NQmGPYuR06CY=
github.com/bhbosman/goprotoextra v0.0.2 h1:LEEUuDa7X7ojAP56dw5SDoiYnTrErpjI7Bp25Q9Nw2I=
github.com/bhbosman/goprotoextra v0.0.2/go.mod h1:Jt+JnplitvFQLYeUKIuBnc+5aHBtRtvze8Hce0gMXiM=
github.com/bhbosman/pubsub v1.0.3-0.20250308124829-e5731aa33222 h1:cHtirgrswJP8goqbY1edxxFUIWcwo9+fVKWR1LAoijo=
github.com/bhbosman/pubsub v1.0.3-0.20250308124829-e5731aa33222/go.mod h1:k9O2AJEIxJfyjM6xKczmuBumvRC+Pee76jW4Ir0+nTU=
github.com/bhbosman/pubsub v1.0.3-0.20250308162024-50f212a35484 h1:7L9tOPXEY7T3OCI5uNszNWJ2GqfJAREkZEw77Ki6VZA=
github.com/bhbosman/pubsub v1.0.3-0.20250308162024-50f212a35484/go.mod h1:/cxRJx2sbd/mII/T3GTLM/2EUisAfq6Zy8qb9lBqpRk=
github.com/bhbosman/pubsub v1.0.3-0.20250308211253-e47ee222bb15 h1:YAp8HXZRg3cmEvlLz0GgKFnkYNWe6BUA8J+qsoj6MeQ=
github.com/bhbosman/pubsub v1.0.3-0.20250308211253-e47ee222bb15/go.mod h1:/cxRJx2sbd/mII/T3GTLM/2EUisAfq6Zy8qb9lBqpRk=
github.com/bhbosman/tcell/v2 v2.5.2-0.20250308093601-f0942a296aa0 h1:o0zDIrlFZpJAs81Ak09RmHMC46vwRhezkKlK0DTYCnw=
github.com/bhbosman/tcell/v2 v2.5.2-0.20250308093601-f0942a296aa0/go.mod h1:srlfyedi+17ne4uhMVbdp18VtVUTpCMxwc4XnU60kcA=
github.com/bhbosman/tview v0.0.0-20250308051327-a656c1bc9cfa h1:DTmebmAT/iZ516hiDnylyW7eMwXKT7MXkw8UUYltTv0=
github.com/bhbosman/tview v0.0.0-20250308051327-a656c1bc9cfa/go.mod h1:lTkwUML3D0rvhpurD5ZM2gWsbaDvArcz5Bs+/Lublms=
github.com/cenkalti/backoff/v4 v4.0.0/go.mod h1:eEew/i+1Q6OrCDZh3WiXYv3+nJwBASZ8Bog/87DQnVg=
github.com/cenkalti/backoff/v4 v4.3.0 h1:MyRJ/UdXutAwSAT+s3wNd7MfTIcy71VQueUuFK343L8=
github.com/cenkalti/backoff/v4 v4.3.0/go.mod h1:Y3VNntkOUPxTVeUxJ/G5vcM//AlwfmyYozVcomhLiZE=
github.com/creack/pty v1.1.9/go.mod h1:oKZEueFk5CKHvIhNR5MUki03XCEU+Q6VDXinZuGJ33E=
github.com/davecgh/go-spew v1.1.0/go.mod h1:J7Y8YcW2NihsgmVo/mv3lAwl/skON4iLHjSsI+c5H38=
github.com/davecgh/go-spew v1.1.1 h1:vj9j/u1bqnvCEfJOwUhtlOARqs3+rkHYY13jYWTU97c=
github.com/davecgh/go-spew v1.1.1/go.mod h1:J7Y8YcW2NihsgmVo/mv3lAwl/skON4iLHjSsI+c5H38=
github.com/emirpasic/gods v1.12.0/go.mod h1:YfzfFFoVP/catgzJb4IKIqXjX78Ha8FMSDh3ymbK86o=
github.com/emirpasic/gods v1.18.1 h1:FXtiHYKDGKCW2KzwZKx0iC0PQmdlorYgdFG9jPXJ1Bc=
github.com/emirpasic/gods v1.18.1/go.mod h1:8tpGGwCnJ5H4r6BWwaV6OrWmMoPhUl5jm/FMNAnJvWQ=
github.com/gdamore/encoding v1.0.1 h1:YzKZckdBL6jVt2Gc+5p82qhrGiqMdG/eNs6Wy0u3Uhw=
github.com/gdamore/encoding v1.0.1/go.mod h1:0Z0cMFinngz9kS1QfMjCP8TY7em3bZYeeklsSDPivEo=
github.com/gobwas/httphead v0.1.0 h1:exrUm0f4YX0L7EBwZHuCF4GDp8aJfVeBrlLQrs6NqWU=
github.com/gobwas/httphead v0.1.0/go.mod h1:O/RXo79gxV8G+RqlR/otEwx4Q36zl9rqC5u12GKvMCM=
github.com/gobwas/pool v0.2.1 h1:xfeeEhW7pwmX8nuLVlqbzVc7udMDrwetjEv+TZIz1og=
github.com/gobwas/pool v0.2.1/go.mod h1:q8bcK0KcYlCgd9e7WYLm9LpyS+YeLd8JVDW6WezmKEw=
github.com/gobwas/ws v1.4.0 h1:CTaoG1tojrh4ucGPcoJFiAQUAsEWekEWvLy7GsVNqGs=
github.com/gobwas/ws v1.4.0/go.mod h1:G3gNqMNtPppf5XUz7O4shetPpcZ1VJ7zt18dlUeakrc=
github.com/golang/protobuf v1.5.4 h1:i7eJL8qZTpSEXOPTxNKhASYpMn+8e5Q6AdndVa1dWek=
github.com/golang/protobuf v1.5.4/go.mod h1:lnTiLA8Wa4RWRcIUkrtSVa5nRhsEGBg48fD6rSs7xps=
github.com/google/go-cmp v0.5.7 h1:81/ik6ipDQS2aGcBfIN5dHDB36BwrStyeAQquSYCV4o=
github.com/google/go-cmp v0.5.7/go.mod h1:n+brtR0CgQNWTVd5ZUFpTBC8YFBDLK/h/bpaJ8/DtOE=
github.com/icza/gox v0.2.0 h1:+0N8PCt9/QSx+k0dqe/wdlXJNR/haaPsPwrTJTNDeyk=
github.com/icza/gox v0.2.0/go.mod h1:rVecw5Q6POJAWBcXgCZdAtwK/hmoNehxCkAP3sMnOIc=
github.com/kr/pretty v0.1.0/go.mod h1:dAy3ld7l9f0ibDNOQOHHMYYIIbhfbHSm3C4ZsoJORNo=
github.com/kr/pretty v0.2.1/go.mod h1:ipq/a2n7PKx3OHsz4KJII5eveXtPO4qwEXGdVfWzfnI=
github.com/kr/pretty v0.3.0 h1:WgNl7dwNpEZ6jJ9k1snq4pZsg7DOEN8hP9Xw0Tsjwk0=
github.com/kr/pretty v0.3.0/go.mod h1:640gp4NfQd8pI5XOwp5fnNeVWj67G7CFk/SaSQn7NBk=
github.com/kr/pty v1.1.1/go.mod h1:pFQYn66WHrOpPYNljwOMqo10TkYh1fy3cYio2l3bCsQ=
github.com/kr/text v0.1.0/go.mod h1:4Jbv+DJW3UT/LiOwJeYQe1efqtUx/iVham/4vfdArNI=
github.com/kr/text v0.2.0 h1:5Nx0Ya0ZqY2ygV366QzturHI13Jq95ApcVaJBhpS+AY=
github.com/kr/text v0.2.0/go.mod h1:eLer722TekiGuMkidMxC/pM04lWEeraHUUmBw8l2grE=
github.com/lucasb-eyer/go-colorful v1.2.0 h1:1nnpGOrhyZZuNyfu1QjKiUICQ74+3FNCN69Aj6K7nkY=
github.com/lucasb-eyer/go-colorful v1.2.0/go.mod h1:R4dSotOR9KMtayYi1e77YzuveK+i7ruzyGqttikkLy0=
github.com/mattn/go-runewidth v0.0.16 h1:E5ScNMtiwvlvB5paMFdw9p4kSQzbXFikJ5SQO6TULQc=
github.com/mattn/go-runewidth v0.0.16/go.mod h1:Jdepj2loyihRzMpdS35Xk/zdY8IAYHsh153qUoGf23w=
github.com/pkg/diff v0.0.0-20210226163009-20ebb0f2a09e/go.mod h1:pJLUxLENpZxwdsKMEsNbx1VGcRFpLqf3715MtcvvzbA=
github.com/pkg/errors v0.8.1/go.mod h1:bwawxfHBFNV+L2hUp1rHADufV3IMtnDRdf1r5NINEl0=
github.com/pmezard/go-difflib v1.0.0 h1:4DBwDE0NGyQoBHbLQYPwSUPoCMWR5BEzIk/f1lZbAQM=
github.com/pmezard/go-difflib v1.0.0/go.mod h1:iKH77koFhYxTK1pcRnkKkqfTogsbg7gZNVY4sRDYZ/4=
github.com/reactivex/rxgo/v2 v2.5.0 h1:FhPgHwX9vKdNQB2gq9EPt+EKk9QrrzoeztGbEEnZam4=
github.com/reactivex/rxgo/v2 v2.5.0/go.mod h1:bs4fVZxcb5ZckLIOeIeVH942yunJLWDABWGbrHAW+qU=
github.com/rivo/uniseg v0.2.0/go.mod h1:J6wj4VEh+S6ZtnVlnTBMWIodfgj8LQOQFoIToxlJtxc=
github.com/rivo/uniseg v0.4.7 h1:WUdvkW8uEhrYfLC4ZzdpI2ztxP1I582+49Oc5Mq64VQ=
github.com/rivo/uniseg v0.4.7/go.mod h1:FN3SvrM+Zdj16jyLfmOkMNblXMcoc8DfTHruCPUcx88=
github.com/rogpeppe/go-internal v1.6.1/go.mod h1:xXDCJY+GAPziupqXw64V24skbSoqbTEfhy4qGm1nDQc=
github.com/rogpeppe/go-internal v1.8.1 h1:geMPLpDpQOgVyCg5z5GoRwLHepNdb71NXb67XFkP+Eg=
github.com/rogpeppe/go-internal v1.8.1/go.mod h1:JeRgkft04UBgHMgCIwADu4Pn6Mtm5d4nPKWu0nJ5d+o=
github.com/stretchr/objx v0.1.0/go.mod h1:HFkY916IF+rwdDfMAkV7OtwuqBVzrE8GR6GFx+wExME=
github.com/stretchr/objx v0.4.0/go.mod h1:YvHI0jy2hoMjB+UWwv71VJQ9isScKT/TqJzVSSt89Yw=
github.com/stretchr/objx v0.5.2 h1:xuMeJ0Sdp5ZMRXx/aWO6RZxdr3beISkG5/G/aIRr3pY=
github.com/stretchr/objx v0.5.2/go.mod h1:FRsXN1f5AsAjCGJKqEizvkpNtU+EGNCLh3NxZ/8L+MA=
github.com/stretchr/testify v1.3.0/go.mod h1:M5WIy9Dh21IEIfnGCwXGc5bZfKNJtfHm1UVUgZn+9EI=
github.com/stretchr/testify v1.4.0/go.mod h1:j7eGeouHqKxXV5pUuKE4zz7dFj8WfuZ+81PSLYec5m4=
github.com/stretchr/testify v1.7.0/go.mod h1:6Fq8oRcR53rry900zMqJjRRixrwX3KX962/h/Wwjteg=
github.com/stretchr/testify v1.7.1/go.mod h1:6Fq8oRcR53rry900zMqJjRRixrwX3KX962/h/Wwjteg=
github.com/stretchr/testify v1.8.0/go.mod h1:yNjHg4UonilssWZ8iaSj1OCr/vHnekPRkoO+kdMU+MU=
github.com/stretchr/testify v1.10.0 h1:Xv5erBjTwe/5IxqUQTdXv5kgmIvbHo3QQyRwhJsOfJA=
github.com/stretchr/testify v1.10.0/go.mod h1:r2ic/lqez/lEtzL7wO/rwa5dbSLXVDPFyf8C91i36aY=
github.com/teivah/onecontext v0.0.0-20200513185103-40f981bfd775/go.mod h1:XUZ4x3oGhWfiOnUvTslnKKs39AWUct3g3yJvXTQSJOQ=
github.com/teivah/onecontext v1.3.0 h1:tbikMhAlo6VhAuEGCvhc8HlTnpX4xTNPTOseWuhO1J0=
github.com/teivah/onecontext v1.3.0/go.mod h1:hoW1nmdPVK/0jrvGtcx8sCKYs2PiS4z0zzfdeuEVyb0=
github.com/yuin/goldmark v1.3.5/go.mod h1:mwnBkeHKe2W/ZEtQ+71ViKU8L12m81fl3OWwC1Zlc8k=
github.com/yuin/goldmark v1.4.13/go.mod h1:6yULJ656Px+3vBD8DxQVa3kxgyrAnzto9xy5taEt/CY=
go.uber.org/atomic v1.7.0/go.mod h1:fEN4uk6kAWBTFdckzkM89CLk9XfWZrxpCo0nPH17wJc=
go.uber.org/dig v1.16.1/go.mod h1:557JTAUZT5bUK0SvCwikmLPPtdQhfvLYtO5tJgQSbnk=
go.uber.org/dig v1.18.1 h1:rLww6NuajVjeQn+49u5NcezUJEGwd5uXmyoCKW2g5Es=
go.uber.org/dig v1.18.1/go.mod h1:Us0rSJiThwCv2GteUN0Q7OKvU7n5J4dxZ9JKUXozFdE=
go.uber.org/fx v1.19.2/go.mod h1:43G1VcqSzbIv77y00p1DRAsyZS8WdzuYdhZXmEUkMyQ=
go.uber.org/fx v1.23.0 h1:lIr/gYWQGfTwGcSXWXu4vP5Ws6iqnNEIY+F/aFzCKTg=
go.uber.org/fx v1.23.0/go.mod h1:o/D9n+2mLP6v1EG+qsdT1O8wKopYAsqZasju97SDFCU=
go.uber.org/goleak v1.1.10/go.mod h1:8a7PlsEVH3e/a/GLqe5IIrQx6GzcnRmZEufDUTk4A7A=
go.uber.org/goleak v1.1.11/go.mod h1:cwTWslyiVhfpKIDGSZEM2HlOvcqm+tG4zioyIeLoqMQ=
go.uber.org/goleak v1.3.0 h1:2K3zAYmnTNqV73imy9J1T3WC+gmCePx2hEGkimedGto=
go.uber.org/goleak v1.3.0/go.mod h1:CoHD4mav9JJNrW/WLlf7HGZPjdw8EucARQHekz1X6bE=
go.uber.org/multierr v1.6.0/go.mod h1:cdWPpRnG4AhwMwsgIHip0KRBQjJy5kYEpYjJxpXp9iU=
go.uber.org/multierr v1.11.0 h1:blXXJkSxSSfBVBlC76pxqeO+LN3aDfLQo+309xJstO0=
go.uber.org/multierr v1.11.0/go.mod h1:20+QtiLqy0Nd6FdQB9TLXag12DsQkrbs3htMFfDN80Y=
go.uber.org/zap v1.23.0/go.mod h1:D+nX8jyLsMHMYrln8A0rJjFt/T/9/bGgIhAqxv5URuY=
go.uber.org/zap v1.27.0 h1:aJMhYGrd5QSmlpLMr2MftRKl7t8J8PTZPA732ud/XR8=
go.uber.org/zap v1.27.0/go.mod h1:GB2qFLM7cTU87MWRP2mPIjqfIDnGu+VIO4V/SdhGo2E=
golang.org/x/crypto v0.0.0-20190308221718-c2843e01d9a2/go.mod h1:djNgcEr1/C05ACkg1iLfiJU5Ep61QUkGW8qpdssI0+w=
golang.org/x/crypto v0.0.0-20191011191535-87dc89f01550/go.mod h1:yigFU9vqHzYiE8UmvKecakEJjdnWj3jj499lnFckfCI=
golang.org/x/crypto v0.0.0-20210921155107-089bfa567519/go.mod h1:GvvjBRRGRdwPK5ydBHafDWAxML/pGHZbMvKqRZ5+Abc=
golang.org/x/lint v0.0.0-20190930215403-16217165b5de/go.mod h1:6SW0HCj/g11FgYtHlgUYUwCkIfeOF89ocIRzGO/8vkc=
golang.org/x/mod v0.4.2/go.mod h1:s0Qsj1ACt9ePp/hMypM3fl4fZqREWJwdYDEqhRiZZUA=
golang.org/x/mod v0.6.0-dev.0.20220419223038-86c51ed26bb4/go.mod h1:jJ57K6gSWd91VN4djpZkiMVwK6gcyfeH4XE8wZrZaV4=
golang.org/x/mod v0.8.0/go.mod h1:iBbtSCu2XBx23ZKBPSOrRkjjQPZFPuis4dIYUhu/chs=
golang.org/x/net v0.0.0-20190311183353-d8887717615a/go.mod h1:t9HGtf8HONx5eT2rtn7q6eTqICYqUVnKs3thJo3Qplg=
golang.org/x/net v0.0.0-20190404232315-eb5bcb51f2a3/go.mod h1:t9HGtf8HONx5eT2rtn7q6eTqICYqUVnKs3thJo3Qplg=
golang.org/x/net v0.0.0-20190620200207-3b0461eec859/go.mod h1:z5CRVTTTmAJ677TzLLGU+0bjPO0LkuOLi4/5GtJWs/s=
golang.org/x/net v0.0.0-20210226172049-e18ecbb05110/go.mod h1:m0MpNAwzfU5UDzcl9v0D8zg8gWTRqZa9RBIspLL5mdg=
golang.org/x/net v0.0.0-20210405180319-a5a99cb37ef4/go.mod h1:p54w0d4576C0XHj96bSt6lcn1PtDYWL6XObtHCRCNQM=
golang.org/x/net v0.0.0-20220722155237-a158d28d115b/go.mod h1:XRhObCWvk6IyKnWLug+ECip1KBveYUHfp+8e9klMJ9c=
golang.org/x/net v0.6.0/go.mod h1:2Tu9+aMcznHK/AK1HMvgo6xiTLG5rD5rZLDS+rp2Bjs=
golang.org/x/net v0.37.0 h1:1zLorHbz+LYj7MQlSf1+2tPIIgibq2eL5xkrGk6f+2c=
golang.org/x/net v0.37.0/go.mod h1:ivrbrMbzFq5J41QOQh0siUuly180yBYtLp+CKbEaFx8=
golang.org/x/sync v0.0.0-20190423024810-112230192c58/go.mod h1:RxMgew5VJxzue5/jJTE5uejpjVlOe/izrB70Jof72aM=
golang.org/x/sync v0.0.0-20190911185100-cd5d95a43a6e/go.mod h1:RxMgew5VJxzue5/jJTE5uejpjVlOe/izrB70Jof72aM=
golang.org/x/sync v0.0.0-20210220032951-036812b2e83c/go.mod h1:RxMgew5VJxzue5/jJTE5uejpjVlOe/izrB70Jof72aM=
golang.org/x/sync v0.0.0-20220722155255-886fb9371eb4/go.mod h1:RxMgew5VJxzue5/jJTE5uejpjVlOe/izrB70Jof72aM=
golang.org/x/sync v0.1.0/go.mod h1:RxMgew5VJxzue5/jJTE5uejpjVlOe/izrB70Jof72aM=
golang.org/x/sync v0.12.0 h1:MHc5BpPuC30uJk597Ri8TV3CNZcTLu6B6z4lJy+g6Jw=
golang.org/x/sync v0.12.0/go.mod h1:1dzgHSNfp02xaA81J2MS99Qcpr2w7fw1gpm99rleRqA=
golang.org/x/sys v0.0.0-20190215142949-d0b11bdaac8a/go.mod h1:STP8DvDyc/dI5b8T5hshtkjS+E42TnysNCUPdjciGhY=
golang.org/x/sys v0.0.0-20190412213103-97732733099d/go.mod h1:h1NjWce9XRLGQEsW7wpKNCjG9DtNlClVuFLEZdDNbEs=
golang.org/x/sys v0.0.0-20201119102817-f84b799fce68/go.mod h1:h1NjWce9XRLGQEsW7wpKNCjG9DtNlClVuFLEZdDNbEs=
golang.org/x/sys v0.0.0-20210330210617-4fbd30eecc44/go.mod h1:h1NjWce9XRLGQEsW7wpKNCjG9DtNlClVuFLEZdDNbEs=
golang.org/x/sys v0.0.0-20210510120138-977fb7262007/go.mod h1:oPkhp1MJrh7nUepCBck5+mAzfO9JrbApNNgaTdGDITg=
golang.org/x/sys v0.0.0-20210615035016-665e8c7367d1/go.mod h1:oPkhp1MJrh7nUepCBck5+mAzfO9JrbApNNgaTdGDITg=
golang.org/x/sys v0.0.0-20210903071746-97244b99971b/go.mod h1:oPkhp1MJrh7nUepCBck5+mAzfO9JrbApNNgaTdGDITg=
golang.org/x/sys v0.0.0-20220318055525-2edf467146b5/go.mod h1:oPkhp1MJrh7nUepCBck5+mAzfO9JrbApNNgaTdGDITg=
golang.org/x/sys v0.0.0-20220520151302-bc2c85ada10a/go.mod h1:oPkhp1MJrh7nUepCBck5+mAzfO9JrbApNNgaTdGDITg=
golang.org/x/sys v0.0.0-20220722155257-8c9f86f7a55f/go.mod h1:oPkhp1MJrh7nUepCBck5+mAzfO9JrbApNNgaTdGDITg=
golang.org/x/sys v0.5.0/go.mod h1:oPkhp1MJrh7nUepCBck5+mAzfO9JrbApNNgaTdGDITg=
golang.org/x/sys v0.6.0/go.mod h1:oPkhp1MJrh7nUepCBck5+mAzfO9JrbApNNgaTdGDITg=
golang.org/x/sys v0.31.0 h1:ioabZlmFYtWhL+TRYpcnNlLwhyxaM9kWTDEmfnprqik=
golang.org/x/sys v0.31.0/go.mod h1:BJP2sWEmIv4KK5OTEluFJCKSidICx8ciO85XgH3Ak8k=
golang.org/x/term v0.0.0-20201126162022-7de9c90e9dd1/go.mod h1:bj7SfCRtBDWHUb9snDiAeCFNEtKQo2Wmx5Cou7ajbmo=
golang.org/x/term v0.0.0-20210927222741-03fcf44c2211/go.mod h1:jbD1KX2456YbFQfuXm/mYQcufACuNUgVhRMnK/tPxf8=
golang.org/x/term v0.5.0/go.mod h1:jMB1sMXY+tzblOD4FWmEbocvup2/aLOaQEp7JmGp78k=
golang.org/x/term v0.30.0 h1:PQ39fJZ+mfadBm0y5WlL4vlM7Sx1Hgf13sMIY2+QS9Y=
golang.org/x/term v0.30.0/go.mod h1:NYYFdzHoI5wRh/h5tDMdMqCqPJZEuNqVR5xJLd/n67g=
golang.org/x/text v0.3.0/go.mod h1:NqM8EUOU14njkJ3fqMW+pc6Ldnwhi/IjpwHt7yyuwOQ=
golang.org/x/text v0.3.3/go.mod h1:5Zoc/QRtKVWzQhOtBMvqHzDpF6irO9z98xDceosuGiQ=
golang.org/x/text v0.3.7/go.mod h1:u+2+/6zg+i71rQMx5EYifcz6MCKuco9NR6JIITiCfzQ=
golang.org/x/text v0.7.0/go.mod h1:mrYo+phRRbMaCq/xk9113O4dZlRixOauAjOtrjsXDZ8=
golang.org/x/text v0.14.0/go.mod h1:18ZOQIKpY8NJVqYksKHtTdi31H5itFRjB5/qKTNYzSU=
golang.org/x/text v0.23.0 h1:D71I7dUrlY+VX0gQShAThNGHFxZ13dGLBHQLVl1mJlY=
golang.org/x/text v0.23.0/go.mod h1:/BLNzu4aZCJ1+kcD0DNRotWKage4q2rGVAg4o22unh4=
golang.org/x/tools v0.0.0-20180917221912-90fa682c2a6e/go.mod h1:n7NCudcB/nEzxVGmLbDWY5pfWTLqBcC2KZ6jyYvM4mQ=
golang.org/x/tools v0.0.0-20190311212946-11955173bddd/go.mod h1:LCzVGOaR6xXOjkQ3onu1FJEFr0SW1gC7cKk1uF8kGRs=
golang.org/x/tools v0.0.0-20191108193012-7d206e10da11/go.mod h1:b+2E5dAYhXwXZwtnZ6UAqBI28+e2cm9otk0dWdXHAEo=
golang.org/x/tools v0.0.0-20191119224855-298f0cb1881e/go.mod h1:b+2E5dAYhXwXZwtnZ6UAqBI28+e2cm9otk0dWdXHAEo=
golang.org/x/tools v0.1.5/go.mod h1:o0xws9oXOQQZyjljx8fwUC0k7L1pTE6eaCbjGeHmOkk=
golang.org/x/tools v0.1.12/go.mod h1:hNGJHUnrk76NpqgfD5Aqm5Crs+Hm0VOH/i9J2+nxYbc=
golang.org/x/tools v0.6.0/go.mod h1:Xwgl3UAJ/d3gWutnCtw505GrjyAbvKui8lOU390QaIU=
golang.org/x/xerrors v0.0.0-20190717185122-a985d3407aa7/go.mod h1:I/5z698sn9Ka8TeJc9MKroUUfqBBauWjQqLJ2OPfmY0=
golang.org/x/xerrors v0.0.0-20191011141410-1b5146add898/go.mod h1:I/5z698sn9Ka8TeJc9MKroUUfqBBauWjQqLJ2OPfmY0=
golang.org/x/xerrors v0.0.0-20191204190536-9bdfabe68543/go.mod h1:I/5z698sn9Ka8TeJc9MKroUUfqBBauWjQqLJ2OPfmY0=
golang.org/x/xerrors v0.0.0-20200804184101-5ec99f83aff1/go.mod h1:I/5z698sn9Ka8TeJc9MKroUUfqBBauWjQqLJ2OPfmY0=
golang.org/x/xerrors v0.0.0-20240903120638-7835f813f4da h1:noIWHXmPHxILtqtCOPIhSt0ABwskkZKjD3bXGnZGpNY=
golang.org/x/xerrors v0.0.0-20240903120638-7835f813f4da/go.mod h1:NDW/Ps6MPRej6fsCIbMTohpP40sJ/P/vI1MoTEGwX90=
google.golang.org/protobuf v1.36.5 h1:tPhr+woSbjfYvY6/GPufUoYizxw1cF/yFoxJ2fmpwlM=
google.golang.org/protobuf v1.36.5/go.mod h1:9fA7Ob0pmnwhb644+1+CVWFRbNajQ6iRojtC/QF5bRE=
gopkg.in/check.v1 v0.0.0-20161208181325-20d25e280405/go.mod h1:Co6ibVJAznAaIkqp8huTwlJQCZ016jof/cbN4VW5Yz0=
gopkg.in/check.v1 v1.0.0-20180628173108-788fd7840127/go.mod h1:Co6ibVJAznAaIkqp8huTwlJQCZ016jof/cbN4VW5Yz0=
gopkg.in/check.v1 v1.0.0-20201130134442-10cb98267c6c h1:Hei/4ADfdWqJk1ZMxUNpqntNwaWcugrBjAiHlqqRiVk=
gopkg.in/check.v1 v1.0.0-20201130134442-10cb98267c6c/go.mod h1:JHkPIbrfpd72SG/EVd6muEfDQjcINNoR0C8j2r3qZ4Q=
gopkg.in/errgo.v2 v2.1.0/go.mod h1:hNsd1EY+bozCKY1Ytp96fpM3vjJbqLJn88ws8XvfDNI=
gopkg.in/yaml.v2 v2.2.2/go.mod h1:hI93XBmqTisBFMUTm0b8Fm+jr3Dg1NNxqwp+5A1VGuI=
gopkg.in/yaml.v3 v3.0.0-20200313102051-9f266ea9e77c/go.mod h1:K4uyk7z7BCEPqu6E+C64Yfv1cQ7kz7rIZviUmN+EgEM=
gopkg.in/yaml.v3 v3.0.1 h1:fxVm/GzAzEWqLHuvctI91KS9hhNmmWOoWu0XTYJS7CA=
gopkg.in/yaml.v3 v3.0.1/go.mod h1:K4uyk7z7BCEPqu6E+C64Yfv1cQ7kz7rIZviUmN+EgEM=
